
Microsoft Visual Studio Solution File, Format Version 12.00
# Visual Studio Version 16
VisualStudioVersion = 16.0.29326.143
MinimumVisualStudioVersion = 10.0.40219.1
Project("{2150E333-8FDC-42A3-9474-1A3956D46DE8}") = "7", "7", "{8E8B45A5-D559-480F-B27D-0308B6D61E06}"
	ProjectSection(SolutionItems) = preProject
		7\Directory.Build.props = 7\Directory.Build.props
	EndProjectSection
EndProject
Project("{9A19103F-16F7-4668-BE54-9A1E7A4F7556}") = "FixedTest", "7\FixedTest\FixedTest.csproj", "{76F6C7FD-C7E9-48A3-81CE-B23A1E0F2057}"
EndProject
Project("{2150E333-8FDC-42A3-9474-1A3956D46DE8}") = "Solution Items", "Solution Items", "{F2FBE918-6283-45EC-9F6D-71696D10ED83}"
	ProjectSection(SolutionItems) = preProject
		Directory.Build.props = Directory.Build.props
	EndProjectSection
EndProject
Project("{9A19103F-16F7-4668-BE54-9A1E7A4F7556}") = "StackallocTest", "7\StackallocTest\StackallocTest.csproj", "{5E29964D-0E2A-4904-AF50-07805AA5480B}"
EndProject
Project("{9A19103F-16F7-4668-BE54-9A1E7A4F7556}") = "Common", "Common\Common.csproj", "{CB71B455-D185-4B46-BBF7-EAE7EC59BA91}"
EndProject
Project("{9A19103F-16F7-4668-BE54-9A1E7A4F7556}") = "SpanTest", "7\SpanTest\SpanTest.csproj", "{F6BCA478-3686-419E-96D1-BD66156FAB15}"
EndProject
Project("{9A19103F-16F7-4668-BE54-9A1E7A4F7556}") = "RefTest", "7\RefTest\RefTest.csproj", "{9AEC42BD-A78F-4ED5-B474-971289C0BD3F}"
EndProject
Project("{9A19103F-16F7-4668-BE54-9A1E7A4F7556}") = "ValueTaskTest", "7\ValueTaskTest\ValueTaskTest.csproj", "{D3568D56-BE19-4626-B744-C7A7A80EA0DF}"
EndProject
Project("{9A19103F-16F7-4668-BE54-9A1E7A4F7556}") = "ValueTupleTest", "7\ValueTupleTest\ValueTupleTest.csproj", "{C0F1F18C-D660-47D6-BD07-C52E212FB00D}"
EndProject
Project("{2150E333-8FDC-42A3-9474-1A3956D46DE8}") = "8", "8", "{120AF1A4-6E89-46FA-BE50-0EE38F46C02A}"
	ProjectSection(SolutionItems) = preProject
		8\Directory.Build.props = 8\Directory.Build.props
	EndProjectSection
EndProject
Project("{9A19103F-16F7-4668-BE54-9A1E7A4F7556}") = "RangeIndexTest", "8\RangeIndexTest\RangeIndexTest.csproj", "{0DFEF0D0-F7C1-4ABA-B8B8-34E693B798BC}"
EndProject
Project("{FAE04EC0-301F-11D3-BF4B-00C04F79EFBC}") = "AsyncEnumerableTest", "8\AsyncEnumerableTest\AsyncEnumerableTest.csproj", "{F4A889F6-3F59-4049-8BB5-C3B17939DD68}"
EndProject
Project("{FAE04EC0-301F-11D3-BF4B-00C04F79EFBC}") = "SwitchExpressionTest", "8\SwitchExpressionTest\SwitchExpressionTest.csproj", "{74671CCC-6C0C-4AA2-88BF-57F7D8A191CC}"
EndProject
Project("{FAE04EC0-301F-11D3-BF4B-00C04F79EFBC}") = "GenericStructTest", "8\GenericStructTest\GenericStructTest.csproj", "{E4734370-8819-42AF-B7FC-30252ABC94D6}"
EndProject
Global
	GlobalSection(SolutionConfigurationPlatforms) = preSolution
		Debug|Any CPU = Debug|Any CPU
		Release|Any CPU = Release|Any CPU
	EndGlobalSection
	GlobalSection(ProjectConfigurationPlatforms) = postSolution
		{76F6C7FD-C7E9-48A3-81CE-B23A1E0F2057}.Debug|Any CPU.ActiveCfg = Debug|Any CPU
		{76F6C7FD-C7E9-48A3-81CE-B23A1E0F2057}.Debug|Any CPU.Build.0 = Debug|Any CPU
		{76F6C7FD-C7E9-48A3-81CE-B23A1E0F2057}.Release|Any CPU.ActiveCfg = Release|Any CPU
		{76F6C7FD-C7E9-48A3-81CE-B23A1E0F2057}.Release|Any CPU.Build.0 = Release|Any CPU
		{5E29964D-0E2A-4904-AF50-07805AA5480B}.Debug|Any CPU.ActiveCfg = Debug|Any CPU
		{5E29964D-0E2A-4904-AF50-07805AA5480B}.Debug|Any CPU.Build.0 = Debug|Any CPU
		{5E29964D-0E2A-4904-AF50-07805AA5480B}.Release|Any CPU.ActiveCfg = Release|Any CPU
		{5E29964D-0E2A-4904-AF50-07805AA5480B}.Release|Any CPU.Build.0 = Release|Any CPU
		{CB71B455-D185-4B46-BBF7-EAE7EC59BA91}.Debug|Any CPU.ActiveCfg = Debug|Any CPU
		{CB71B455-D185-4B46-BBF7-EAE7EC59BA91}.Debug|Any CPU.Build.0 = Debug|Any CPU
		{CB71B455-D185-4B46-BBF7-EAE7EC59BA91}.Release|Any CPU.ActiveCfg = Release|Any CPU
		{CB71B455-D185-4B46-BBF7-EAE7EC59BA91}.Release|Any CPU.Build.0 = Release|Any CPU
		{F6BCA478-3686-419E-96D1-BD66156FAB15}.Debug|Any CPU.ActiveCfg = Debug|Any CPU
		{F6BCA478-3686-419E-96D1-BD66156FAB15}.Debug|Any CPU.Build.0 = Debug|Any CPU
		{F6BCA478-3686-419E-96D1-BD66156FAB15}.Release|Any CPU.ActiveCfg = Release|Any CPU
		{F6BCA478-3686-419E-96D1-BD66156FAB15}.Release|Any CPU.Build.0 = Release|Any CPU
		{9AEC42BD-A78F-4ED5-B474-971289C0BD3F}.Debug|Any CPU.ActiveCfg = Debug|Any CPU
		{9AEC42BD-A78F-4ED5-B474-971289C0BD3F}.Debug|Any CPU.Build.0 = Debug|Any CPU
		{9AEC42BD-A78F-4ED5-B474-971289C0BD3F}.Release|Any CPU.ActiveCfg = Release|Any CPU
		{9AEC42BD-A78F-4ED5-B474-971289C0BD3F}.Release|Any CPU.Build.0 = Release|Any CPU
		{D3568D56-BE19-4626-B744-C7A7A80EA0DF}.Debug|Any CPU.ActiveCfg = Debug|Any CPU
		{D3568D56-BE19-4626-B744-C7A7A80EA0DF}.Debug|Any CPU.Build.0 = Debug|Any CPU
		{D3568D56-BE19-4626-B744-C7A7A80EA0DF}.Release|Any CPU.ActiveCfg = Release|Any CPU
		{D3568D56-BE19-4626-B744-C7A7A80EA0DF}.Release|Any CPU.Build.0 = Release|Any CPU
		{C0F1F18C-D660-47D6-BD07-C52E212FB00D}.Debug|Any CPU.ActiveCfg = Debug|Any CPU
		{C0F1F18C-D660-47D6-BD07-C52E212FB00D}.Debug|Any CPU.Build.0 = Debug|Any CPU
		{C0F1F18C-D660-47D6-BD07-C52E212FB00D}.Release|Any CPU.ActiveCfg = Release|Any CPU
		{C0F1F18C-D660-47D6-BD07-C52E212FB00D}.Release|Any CPU.Build.0 = Release|Any CPU
		{0DFEF0D0-F7C1-4ABA-B8B8-34E693B798BC}.Debug|Any CPU.ActiveCfg = Debug|Any CPU
		{0DFEF0D0-F7C1-4ABA-B8B8-34E693B798BC}.Debug|Any CPU.Build.0 = Debug|Any CPU
		{0DFEF0D0-F7C1-4ABA-B8B8-34E693B798BC}.Release|Any CPU.ActiveCfg = Release|Any CPU
		{0DFEF0D0-F7C1-4ABA-B8B8-34E693B798BC}.Release|Any CPU.Build.0 = Release|Any CPU
		{F4A889F6-3F59-4049-8BB5-C3B17939DD68}.Debug|Any CPU.ActiveCfg = Debug|Any CPU
		{F4A889F6-3F59-4049-8BB5-C3B17939DD68}.Debug|Any CPU.Build.0 = Debug|Any CPU
		{F4A889F6-3F59-4049-8BB5-C3B17939DD68}.Release|Any CPU.ActiveCfg = Release|Any CPU
		{F4A889F6-3F59-4049-8BB5-C3B17939DD68}.Release|Any CPU.Build.0 = Release|Any CPU
		{74671CCC-6C0C-4AA2-88BF-57F7D8A191CC}.Debug|Any CPU.ActiveCfg = Debug|Any CPU
		{74671CCC-6C0C-4AA2-88BF-57F7D8A191CC}.Debug|Any CPU.Build.0 = Debug|Any CPU
		{74671CCC-6C0C-4AA2-88BF-57F7D8A191CC}.Release|Any CPU.ActiveCfg = Release|Any CPU
		{74671CCC-6C0C-4AA2-88BF-57F7D8A191CC}.Release|Any CPU.Build.0 = Release|Any CPU
		{E4734370-8819-42AF-B7FC-30252ABC94D6}.Debug|Any CPU.ActiveCfg = Debug|Any CPU
		{E4734370-8819-42AF-B7FC-30252ABC94D6}.Debug|Any CPU.Build.0 = Debug|Any CPU
		{E4734370-8819-42AF-B7FC-30252ABC94D6}.Release|Any CPU.ActiveCfg = Release|Any CPU
		{E4734370-8819-42AF-B7FC-30252ABC94D6}.Release|Any CPU.Build.0 = Release|Any CPU
	EndGlobalSection
	GlobalSection(SolutionProperties) = preSolution
		HideSolutionNode = FALSE
	EndGlobalSection
	GlobalSection(NestedProjects) = preSolution
		{76F6C7FD-C7E9-48A3-81CE-B23A1E0F2057} = {8E8B45A5-D559-480F-B27D-0308B6D61E06}
		{5E29964D-0E2A-4904-AF50-07805AA5480B} = {8E8B45A5-D559-480F-B27D-0308B6D61E06}
		{F6BCA478-3686-419E-96D1-BD66156FAB15} = {8E8B45A5-D559-480F-B27D-0308B6D61E06}
		{9AEC42BD-A78F-4ED5-B474-971289C0BD3F} = {8E8B45A5-D559-480F-B27D-0308B6D61E06}
		{D3568D56-BE19-4626-B744-C7A7A80EA0DF} = {8E8B45A5-D559-480F-B27D-0308B6D61E06}
		{C0F1F18C-D660-47D6-BD07-C52E212FB00D} = {8E8B45A5-D559-480F-B27D-0308B6D61E06}
		{0DFEF0D0-F7C1-4ABA-B8B8-34E693B798BC} = {120AF1A4-6E89-46FA-BE50-0EE38F46C02A}
		{F4A889F6-3F59-4049-8BB5-C3B17939DD68} = {120AF1A4-6E89-46FA-BE50-0EE38F46C02A}
		{74671CCC-6C0C-4AA2-88BF-57F7D8A191CC} = {120AF1A4-6E89-46FA-BE50-0EE38F46C02A}
		{E4734370-8819-42AF-B7FC-30252ABC94D6} = {120AF1A4-6E89-46FA-BE50-0EE38F46C02A}
	EndGlobalSection
	GlobalSection(ExtensibilityGlobals) = postSolution
		SolutionGuid = {CBE0CD6C-2E47-4D9F-B072-C138AA4A6D5A}
	EndGlobalSection
EndGlobal
