
Microsoft Visual Studio Solution File, Format Version 12.00
# Visual Studio Version 17
VisualStudioVersion = 17.0.31903.59
MinimumVisualStudioVersion = 10.0.40219.1
Project("{2150E333-8FDC-42A3-9474-1A3956D46DE8}") = "7", "7", "{8E8B45A5-D559-480F-B27D-0308B6D61E06}"
	ProjectSection(SolutionItems) = preProject
		7\Directory.Build.props = 7\Directory.Build.props
	EndProjectSection
EndProject
Project("{9A19103F-16F7-4668-BE54-9A1E7A4F7556}") = "FixedTest", "7\FixedTest\FixedTest.csproj", "{76F6C7FD-C7E9-48A3-81CE-B23A1E0F2057}"
EndProject
Project("{2150E333-8FDC-42A3-9474-1A3956D46DE8}") = "Solution Items", "Solution Items", "{F2FBE918-6283-45EC-9F6D-71696D10ED83}"
	ProjectSection(SolutionItems) = preProject
		.editorconfig = .editorconfig
		Directory.Build.props = Directory.Build.props
		Example.CSharp.sln.DotSettings = Example.CSharp.sln.DotSettings
	EndProjectSection
EndProject
Project("{9A19103F-16F7-4668-BE54-9A1E7A4F7556}") = "StackallocTest", "7\StackallocTest\StackallocTest.csproj", "{5E29964D-0E2A-4904-AF50-07805AA5480B}"
EndProject
Project("{9A19103F-16F7-4668-BE54-9A1E7A4F7556}") = "Common", "Common\Common.csproj", "{CB71B455-D185-4B46-BBF7-EAE7EC59BA91}"
EndProject
Project("{9A19103F-16F7-4668-BE54-9A1E7A4F7556}") = "SpanTest", "7\SpanTest\SpanTest.csproj", "{F6BCA478-3686-419E-96D1-BD66156FAB15}"
EndProject
Project("{9A19103F-16F7-4668-BE54-9A1E7A4F7556}") = "RefTest", "7\RefTest\RefTest.csproj", "{9AEC42BD-A78F-4ED5-B474-971289C0BD3F}"
EndProject
Project("{9A19103F-16F7-4668-BE54-9A1E7A4F7556}") = "ValueTaskTest", "7\ValueTaskTest\ValueTaskTest.csproj", "{D3568D56-BE19-4626-B744-C7A7A80EA0DF}"
EndProject
Project("{9A19103F-16F7-4668-BE54-9A1E7A4F7556}") = "ValueTupleTest", "7\ValueTupleTest\ValueTupleTest.csproj", "{C0F1F18C-D660-47D6-BD07-C52E212FB00D}"
EndProject
Project("{2150E333-8FDC-42A3-9474-1A3956D46DE8}") = "8", "8", "{120AF1A4-6E89-46FA-BE50-0EE38F46C02A}"
	ProjectSection(SolutionItems) = preProject
		8\Directory.Build.props = 8\Directory.Build.props
	EndProjectSection
EndProject
Project("{9A19103F-16F7-4668-BE54-9A1E7A4F7556}") = "RangeIndexTest", "8\RangeIndexTest\RangeIndexTest.csproj", "{0DFEF0D0-F7C1-4ABA-B8B8-34E693B798BC}"
EndProject
Project("{9A19103F-16F7-4668-BE54-9A1E7A4F7556}") = "AsyncEnumerableTest", "8\AsyncEnumerableTest\AsyncEnumerableTest.csproj", "{F4A889F6-3F59-4049-8BB5-C3B17939DD68}"
EndProject
Project("{9A19103F-16F7-4668-BE54-9A1E7A4F7556}") = "SwitchExpressionTest", "8\SwitchExpressionTest\SwitchExpressionTest.csproj", "{74671CCC-6C0C-4AA2-88BF-57F7D8A191CC}"
EndProject
Project("{9A19103F-16F7-4668-BE54-9A1E7A4F7556}") = "GenericStructTest", "8\GenericStructTest\GenericStructTest.csproj", "{E4734370-8819-42AF-B7FC-30252ABC94D6}"
EndProject
Project("{9A19103F-16F7-4668-BE54-9A1E7A4F7556}") = "MemoryTest", "8\MemoryTest\MemoryTest.csproj", "{AD5725E3-5C9A-4F9F-BE46-DE47A198DCCA}"
EndProject
Project("{2150E333-8FDC-42A3-9474-1A3956D46DE8}") = "9", "9", "{44F4C987-F653-42AA-A239-C0BC411F56A9}"
	ProjectSection(SolutionItems) = preProject
		9\Directory.Build.props = 9\Directory.Build.props
	EndProjectSection
EndProject
Project("{9A19103F-16F7-4668-BE54-9A1E7A4F7556}") = "NullableEnableTest", "9\NullableEnableTest\NullableEnableTest.csproj", "{B8E5067D-7779-4977-8CC2-23A20E4EEB71}"
EndProject
Project("{9A19103F-16F7-4668-BE54-9A1E7A4F7556}") = "SystemTextJsonTest", "9\SystemTextJson\SystemTextJsonTest.csproj", "{AC907FFE-674B-43AC-B376-B0EF0131AD72}"
EndProject
Project("{9A19103F-16F7-4668-BE54-9A1E7A4F7556}") = "LocalFunctionTest", "9\LocalFunctionTest\LocalFunctionTest.csproj", "{9EB027BD-BB7E-4008-8C87-AD4AC9E90D5E}"
EndProject
Project("{2150E333-8FDC-42A3-9474-1A3956D46DE8}") = "plugins", "plugins", "{630114C3-1AE7-468E-8ADD-1CDE3E9EEF26}"
	ProjectSection(SolutionItems) = preProject
		plugins\Directory.Build.props = plugins\Directory.Build.props
	EndProjectSection
EndProject
Project("{9A19103F-16F7-4668-BE54-9A1E7A4F7556}") = "MapsterTest", "plugins\MapsterTest\MapsterTest.csproj", "{698C7247-0C84-4D19-8180-9C40C06354C2}"
EndProject
Project("{9A19103F-16F7-4668-BE54-9A1E7A4F7556}") = "CacheManagerTest", "plugins\CacheManagerTest\CacheManagerTest.csproj", "{C3182D34-D4D9-4AA4-A300-C38CB03F038D}"
EndProject
Project("{2150E333-8FDC-42A3-9474-1A3956D46DE8}") = "Fody", "Fody", "{803D011F-EC6A-43AF-8FEE-D0A98E62A72C}"
	ProjectSection(SolutionItems) = preProject
		plugins\Fody\Directory.Build.props = plugins\Fody\Directory.Build.props
	EndProjectSection
EndProject
Project("{9A19103F-16F7-4668-BE54-9A1E7A4F7556}") = "ConfigureAwaitTest", "plugins\Fody\ConfigureAwaitTest\ConfigureAwaitTest.csproj", "{4A4529A9-C3DC-4B2B-98AB-E7B05A250B7E}"
EndProject
Project("{9A19103F-16F7-4668-BE54-9A1E7A4F7556}") = "AutoPropertiesTest", "plugins\Fody\AutoPropertiesTest\AutoPropertiesTest.csproj", "{A21B27AB-FB43-472F-8684-C6DB9532D548}"
EndProject
Project("{9A19103F-16F7-4668-BE54-9A1E7A4F7556}") = "MethodBoundaryAspectTest", "plugins\Fody\MethodBoundaryAspectTest\MethodBoundaryAspectTest.csproj", "{0992801A-DD34-4C60-B505-A400880607BD}"
EndProject
Project("{9A19103F-16F7-4668-BE54-9A1E7A4F7556}") = "LazyTest", "plugins\Fody\LazyTest\LazyTest.csproj", "{7BD23287-1E86-4CD1-A257-DCF88511F47F}"
EndProject
Project("{9A19103F-16F7-4668-BE54-9A1E7A4F7556}") = "MethodDecoratorTest", "plugins\Fody\MethodDecoratorTest\MethodDecoratorTest.csproj", "{AE394863-CA02-4DCF-B33C-84F96552D401}"
EndProject
Project("{9A19103F-16F7-4668-BE54-9A1E7A4F7556}") = "AspectInjectorTest", "plugins\AspectInjectorTest\AspectInjectorTest.csproj", "{1FF79854-15FF-4DE2-BD44-CF0EFCED2871}"
EndProject
Project("{9A19103F-16F7-4668-BE54-9A1E7A4F7556}") = "VirtualMethodTest", "9\VirtualMethodTest\VirtualMethodTest.csproj", "{44675277-BDB7-48D4-A2BB-D8868D863119}"
EndProject
Project("{9A19103F-16F7-4668-BE54-9A1E7A4F7556}") = "MethodBoundaryTest", "plugins\PostSharp\MethodBoundaryTest\MethodBoundaryTest.csproj", "{F207D1F1-8DB6-4F11-BB7F-9D068D2D2261}"
EndProject
Project("{2150E333-8FDC-42A3-9474-1A3956D46DE8}") = "PostSharp", "PostSharp", "{0A7655FA-A22D-4B68-AC27-EC6BD24C4209}"
	ProjectSection(SolutionItems) = preProject
		plugins\PostSharp\Directory.Build.props = plugins\PostSharp\Directory.Build.props
		plugins\PostSharp\postsharp.config = plugins\PostSharp\postsharp.config
	EndProjectSection
EndProject
Project("{9A19103F-16F7-4668-BE54-9A1E7A4F7556}") = "TaskGuidanceTest", "9\TaskGuidanceTest\TaskGuidanceTest.csproj", "{F3198E3C-75E6-41E4-8122-010740A63124}"
EndProject
Project("{9A19103F-16F7-4668-BE54-9A1E7A4F7556}") = "LocationInterceptionTest", "plugins\PostSharp\LocationInterceptionTest\LocationInterceptionTest.csproj", "{1D3954DA-2A24-4A6E-8DC9-066A18CE8B9D}"
EndProject
Project("{9A19103F-16F7-4668-BE54-9A1E7A4F7556}") = "InfoOfTest", "plugins\Fody\InfoOfTest\InfoOfTest.csproj", "{578093D3-BF5E-4C5B-B969-1D0C8F882DD3}"
EndProject
Project("{2150E333-8FDC-42A3-9474-1A3956D46DE8}") = "Tests", "Tests", "{719AF6DF-48D1-4C7B-A8E9-493482D109DE}"
	ProjectSection(SolutionItems) = preProject
		Tests\Directory.Build.props = Tests\Directory.Build.props
	EndProjectSection
EndProject
Project("{9A19103F-16F7-4668-BE54-9A1E7A4F7556}") = "DelegateTest", "Tests\DelegateTest\DelegateTest.csproj", "{81E526D7-DA4C-4E38-B56B-A089FC4D1BBB}"
EndProject
Project("{9A19103F-16F7-4668-BE54-9A1E7A4F7556}") = "ForeachTest", "Tests\ForeachTest\ForeachTest.csproj", "{B8D80038-CD53-44AE-9047-263FD4DA0901}"
EndProject
Project("{9A19103F-16F7-4668-BE54-9A1E7A4F7556}") = "MemoryCacheTest", "Tests\MemoryCacheTest\MemoryCacheTest.csproj", "{CE397968-D5C1-4942-BFE7-BEE80C04B03C}"
EndProject
Project("{9A19103F-16F7-4668-BE54-9A1E7A4F7556}") = "StringFormatTest", "Tests\StringFormatTest\StringFormatTest.csproj", "{06348F89-7A08-4FAF-BF7D-935CF14563A5}"
EndProject
Project("{9A19103F-16F7-4668-BE54-9A1E7A4F7556}") = "TypeHandleTest", "Tests\TypeHandleTest\TypeHandleTest.csproj", "{3846D0C9-86B3-43B9-BB5B-838F727101CD}"
EndProject
Project("{9A19103F-16F7-4668-BE54-9A1E7A4F7556}") = "CtorTest", "Tests\CtorTest\CtorTest.csproj", "{DFD8AD70-4633-4889-9AFB-A3AA3275B4B0}"
EndProject
Project("{9A19103F-16F7-4668-BE54-9A1E7A4F7556}") = "AutofacWebTest", "plugins\AutofacWebTest\AutofacWebTest.csproj", "{F5EA8500-5E07-4896-B6E7-16B82A41C0C1}"
EndProject
Project("{2150E333-8FDC-42A3-9474-1A3956D46DE8}") = "Moq", "Moq", "{91E7DD22-5728-449C-A541-865C01BF1FAC}"
EndProject
Project("{9A19103F-16F7-4668-BE54-9A1E7A4F7556}") = "MoqTest", "plugins\Moq\MoqTest\MoqTest.csproj", "{1D901854-9F03-40BF-9700-129C6B10C60B}"
EndProject
Project("{9A19103F-16F7-4668-BE54-9A1E7A4F7556}") = "MoqTest.Domain", "plugins\Moq\MoqTest.Domain\MoqTest.Domain.csproj", "{172F9687-0CA6-4CFA-B339-BE850E96B5B8}"
EndProject
Project("{9A19103F-16F7-4668-BE54-9A1E7A4F7556}") = "DictionaryTest", "Tests\DictionaryTest\DictionaryTest.csproj", "{016E8F09-969A-4CDA-917D-3791985400C2}"
EndProject
Project("{9A19103F-16F7-4668-BE54-9A1E7A4F7556}") = "PostSharpTest", "plugins\PostSharp\PostSharpTest\PostSharpTest.csproj", "{19D6887A-F7E2-4DD6-829F-0879A0731732}"
EndProject
Project("{9A19103F-16F7-4668-BE54-9A1E7A4F7556}") = "MoqAutofacTest", "plugins\Moq\MoqAutofacTest\MoqAutofacTest.csproj", "{333A8639-C9E2-4552-9ACD-D4B88DCCD716}"
EndProject
Project("{9A19103F-16F7-4668-BE54-9A1E7A4F7556}") = "MemoryModelTest", "Tests\MemoryModelTest\MemoryModelTest.csproj", "{C95FC016-DC92-45B3-A851-9E80EE15F809}"
EndProject
Project("{9A19103F-16F7-4668-BE54-9A1E7A4F7556}") = "EmptyConstructorTest", "plugins\Fody\EmptyConstructorTest\EmptyConstructorTest.csproj", "{395DED48-4732-46B1-B5D0-AD4B116BEEB6}"
EndProject
Project("{9A19103F-16F7-4668-BE54-9A1E7A4F7556}") = "NewtonsoftJsonTest", "plugins\NewtonsoftJsonTest\NewtonsoftJsonTest.csproj", "{520B47D4-313E-440C-B650-C2624C6B95B7}"
EndProject
Project("{9A19103F-16F7-4668-BE54-9A1E7A4F7556}") = "EfCoreTest", "plugins\EfCoreTest\EfCoreTest.csproj", "{1A276CCD-5019-43BA-926E-BCE6212D3F0D}"
EndProject
Project("{9A19103F-16F7-4668-BE54-9A1E7A4F7556}") = "StackExchangeRedisTest", "plugins\StackExchangeRedisTest\StackExchangeRedisTest.csproj", "{30F2EEBC-BA30-4883-91CB-4AA5267F597C}"
EndProject
Project("{2150E333-8FDC-42A3-9474-1A3956D46DE8}") = "CAP", "CAP", "{990143DA-E69D-4461-A90D-6263EBE26D3C}"
EndProject
Project("{9A19103F-16F7-4668-BE54-9A1E7A4F7556}") = "CapTest.Order.Host", "plugins\CAP\CapTest.Order.Host\CapTest.Order.Host.csproj", "{079541B8-DE2A-435B-9551-BAB54B08CDE7}"
EndProject
Project("{9A19103F-16F7-4668-BE54-9A1E7A4F7556}") = "CapTest.Depot.Host", "plugins\CAP\CapTest.Depot.Host\CapTest.Depot.Host.csproj", "{D17984DA-2F8B-45EB-8B3B-A51E9BCDEB7B}"
EndProject
Project("{9A19103F-16F7-4668-BE54-9A1E7A4F7556}") = "CapTest.Order.Service", "plugins\CAP\CapTest.Order.Service\CapTest.Order.Service.csproj", "{80564EF5-E1B2-46ED-8618-C47EFAD42F69}"
EndProject
Project("{9A19103F-16F7-4668-BE54-9A1E7A4F7556}") = "CapTest.Depot.Service", "plugins\CAP\CapTest.Depot.Service\CapTest.Depot.Service.csproj", "{BC42CD2E-DCF9-48BC-844A-83C7E2AA5E15}"
EndProject
Project("{9A19103F-16F7-4668-BE54-9A1E7A4F7556}") = "CapTest.Shared", "plugins\CAP\CapTest.Shared\CapTest.Shared.csproj", "{4B256A6D-6F54-4A4F-8FBC-C09920586D74}"
EndProject
Project("{9A19103F-16F7-4668-BE54-9A1E7A4F7556}") = "RabbitMqTest", "plugins\RabbitMqTest\RabbitMqTest.csproj", "{42B32B15-E118-4394-A5F8-D36098CDA338}"
EndProject
Project("{2150E333-8FDC-42A3-9474-1A3956D46DE8}") = "AsyncEx", "AsyncEx", "{9D9E0272-A819-4522-82E0-B3F0017E6CED}"
EndProject
Project("{9A19103F-16F7-4668-BE54-9A1E7A4F7556}") = "AsyncExConsoleTest", "plugins\AsyncEx\AsyncExConsoleTest\AsyncExConsoleTest.csproj", "{8317F5AA-8A20-446E-B025-578D392D7032}"
EndProject
Project("{9A19103F-16F7-4668-BE54-9A1E7A4F7556}") = "StatelessTest", "plugins\StatelessTest\StatelessTest.csproj", "{5A901063-0E10-4B9A-8375-DF8A4325AECE}"
EndProject
Project("{9A19103F-16F7-4668-BE54-9A1E7A4F7556}") = "ThreadingTest", "Tests\ThreadingTest\ThreadingTest.csproj", "{4D9F3F9D-71EB-4C94-BDB2-112C78FB7278}"
EndProject
Project("{2150E333-8FDC-42A3-9474-1A3956D46DE8}") = "Hangfire", "Hangfire", "{3D07426B-CBAA-4BB3-99F8-3D2D7544A1CA}"
EndProject
Project("{9A19103F-16F7-4668-BE54-9A1E7A4F7556}") = "HangfireTest.Web", "plugins\Hangfire\HangfireTest.Web\HangfireTest.Web.csproj", "{A0B88133-B87E-45B2-BE99-66BDDDED58AF}"
EndProject
Project("{2150E333-8FDC-42A3-9474-1A3956D46DE8}") = "10", "10", "{0475DDBF-F1B5-4D90-9659-1E805EE974AD}"
	ProjectSection(SolutionItems) = preProject
		10\Directory.Build.props = 10\Directory.Build.props
	EndProjectSection
EndProject
Project("{9A19103F-16F7-4668-BE54-9A1E7A4F7556}") = "RecordTest", "9\RecordTest\RecordTest.csproj", "{C8E2176B-F8D6-4E56-BA99-01DD8ED3897F}"
EndProject
Project("{9A19103F-16F7-4668-BE54-9A1E7A4F7556}") = "TopLevelTest", "10\TopLevelTest\TopLevelTest.csproj", "{501D8AB2-FBA3-484C-B838-DA8E88BBDBBF}"
EndProject
Project("{9A19103F-16F7-4668-BE54-9A1E7A4F7556}") = "CallerArgumentExpressionTest", "10\CallerArgumentExpressionTest\CallerArgumentExpressionTest.csproj", "{40E23C1C-6507-4A62-A67A-6D08F5D60337}"
EndProject
Project("{9A19103F-16F7-4668-BE54-9A1E7A4F7556}") = "MinimalApiTest.WebApi", "10\MinimalApiTest.WebApi\MinimalApiTest.WebApi.csproj", "{F6266DF0-4F2E-49A5-BF89-6C80C37BBB6C}"
EndProject
Project("{2150E333-8FDC-42A3-9474-1A3956D46DE8}") = "Miniprofiler", "Miniprofiler", "{08BDA0C2-43EE-4A03-8FA9-F92CED0BFC88}"
EndProject
Project("{9A19103F-16F7-4668-BE54-9A1E7A4F7556}") = "MiniprofilerTest.MVC", "plugins\Miniprofiler\MiniprofilerTest.MVC\MiniprofilerTest.MVC.csproj", "{700211B1-49E6-4B7A-9356-E5CB7C39CE66}"
EndProject
Project("{9A19103F-16F7-4668-BE54-9A1E7A4F7556}") = "MiniprofilerTest.Console", "plugins\Miniprofiler\MiniprofilerTest.Console\MiniprofilerTest.Console.csproj", "{B99D0922-6F2D-4B77-A6A6-EDDF7AD1C703}"
EndProject
Project("{9A19103F-16F7-4668-BE54-9A1E7A4F7556}") = "DiagnosticTest", "Tests\DiagnosticTest\DiagnosticTest.csproj", "{4F104CBE-103A-4ABE-BF9B-2BCDCDBB38E1}"
EndProject
Project("{9A19103F-16F7-4668-BE54-9A1E7A4F7556}") = "HangfireTest.Server", "plugins\Hangfire\HangfireTest.Server\HangfireTest.Server.csproj", "{7B6ADE8C-D292-45A1-BB47-E0751DD479F9}"
EndProject
Project("{9A19103F-16F7-4668-BE54-9A1E7A4F7556}") = "DependencyInjectionTest", "Tests\DependencyInjectionTest\DependencyInjectionTest.csproj", "{5C4D5D07-4DC7-4884-9CC8-BA2AD4F0687A}"
EndProject
Project("{FAE04EC0-301F-11D3-BF4B-00C04F79EFBC}") = "NuGetTest", "Tests\NuGetTest\NuGetTest.csproj", "{18FA0512-7A7E-49E0-A549-9ADD40F94657}"
EndProject
Global
	GlobalSection(SolutionConfigurationPlatforms) = preSolution
		Debug|Any CPU = Debug|Any CPU
		Release|Any CPU = Release|Any CPU
	EndGlobalSection
	GlobalSection(ProjectConfigurationPlatforms) = postSolution
		{76F6C7FD-C7E9-48A3-81CE-B23A1E0F2057}.Debug|Any CPU.ActiveCfg = Debug|Any CPU
		{76F6C7FD-C7E9-48A3-81CE-B23A1E0F2057}.Debug|Any CPU.Build.0 = Debug|Any CPU
		{76F6C7FD-C7E9-48A3-81CE-B23A1E0F2057}.Release|Any CPU.ActiveCfg = Release|Any CPU
		{76F6C7FD-C7E9-48A3-81CE-B23A1E0F2057}.Release|Any CPU.Build.0 = Release|Any CPU
		{5E29964D-0E2A-4904-AF50-07805AA5480B}.Debug|Any CPU.ActiveCfg = Debug|Any CPU
		{5E29964D-0E2A-4904-AF50-07805AA5480B}.Debug|Any CPU.Build.0 = Debug|Any CPU
		{5E29964D-0E2A-4904-AF50-07805AA5480B}.Release|Any CPU.ActiveCfg = Release|Any CPU
		{5E29964D-0E2A-4904-AF50-07805AA5480B}.Release|Any CPU.Build.0 = Release|Any CPU
		{CB71B455-D185-4B46-BBF7-EAE7EC59BA91}.Debug|Any CPU.ActiveCfg = Debug|Any CPU
		{CB71B455-D185-4B46-BBF7-EAE7EC59BA91}.Debug|Any CPU.Build.0 = Debug|Any CPU
		{CB71B455-D185-4B46-BBF7-EAE7EC59BA91}.Release|Any CPU.ActiveCfg = Release|Any CPU
		{CB71B455-D185-4B46-BBF7-EAE7EC59BA91}.Release|Any CPU.Build.0 = Release|Any CPU
		{F6BCA478-3686-419E-96D1-BD66156FAB15}.Debug|Any CPU.ActiveCfg = Debug|Any CPU
		{F6BCA478-3686-419E-96D1-BD66156FAB15}.Debug|Any CPU.Build.0 = Debug|Any CPU
		{F6BCA478-3686-419E-96D1-BD66156FAB15}.Release|Any CPU.ActiveCfg = Release|Any CPU
		{F6BCA478-3686-419E-96D1-BD66156FAB15}.Release|Any CPU.Build.0 = Release|Any CPU
		{9AEC42BD-A78F-4ED5-B474-971289C0BD3F}.Debug|Any CPU.ActiveCfg = Debug|Any CPU
		{9AEC42BD-A78F-4ED5-B474-971289C0BD3F}.Debug|Any CPU.Build.0 = Debug|Any CPU
		{9AEC42BD-A78F-4ED5-B474-971289C0BD3F}.Release|Any CPU.ActiveCfg = Release|Any CPU
		{9AEC42BD-A78F-4ED5-B474-971289C0BD3F}.Release|Any CPU.Build.0 = Release|Any CPU
		{D3568D56-BE19-4626-B744-C7A7A80EA0DF}.Debug|Any CPU.ActiveCfg = Debug|Any CPU
		{D3568D56-BE19-4626-B744-C7A7A80EA0DF}.Debug|Any CPU.Build.0 = Debug|Any CPU
		{D3568D56-BE19-4626-B744-C7A7A80EA0DF}.Release|Any CPU.ActiveCfg = Release|Any CPU
		{D3568D56-BE19-4626-B744-C7A7A80EA0DF}.Release|Any CPU.Build.0 = Release|Any CPU
		{C0F1F18C-D660-47D6-BD07-C52E212FB00D}.Debug|Any CPU.ActiveCfg = Debug|Any CPU
		{C0F1F18C-D660-47D6-BD07-C52E212FB00D}.Debug|Any CPU.Build.0 = Debug|Any CPU
		{C0F1F18C-D660-47D6-BD07-C52E212FB00D}.Release|Any CPU.ActiveCfg = Release|Any CPU
		{C0F1F18C-D660-47D6-BD07-C52E212FB00D}.Release|Any CPU.Build.0 = Release|Any CPU
		{0DFEF0D0-F7C1-4ABA-B8B8-34E693B798BC}.Debug|Any CPU.ActiveCfg = Debug|Any CPU
		{0DFEF0D0-F7C1-4ABA-B8B8-34E693B798BC}.Debug|Any CPU.Build.0 = Debug|Any CPU
		{0DFEF0D0-F7C1-4ABA-B8B8-34E693B798BC}.Release|Any CPU.ActiveCfg = Release|Any CPU
		{0DFEF0D0-F7C1-4ABA-B8B8-34E693B798BC}.Release|Any CPU.Build.0 = Release|Any CPU
		{F4A889F6-3F59-4049-8BB5-C3B17939DD68}.Debug|Any CPU.ActiveCfg = Debug|Any CPU
		{F4A889F6-3F59-4049-8BB5-C3B17939DD68}.Debug|Any CPU.Build.0 = Debug|Any CPU
		{F4A889F6-3F59-4049-8BB5-C3B17939DD68}.Release|Any CPU.ActiveCfg = Release|Any CPU
		{F4A889F6-3F59-4049-8BB5-C3B17939DD68}.Release|Any CPU.Build.0 = Release|Any CPU
		{74671CCC-6C0C-4AA2-88BF-57F7D8A191CC}.Debug|Any CPU.ActiveCfg = Debug|Any CPU
		{74671CCC-6C0C-4AA2-88BF-57F7D8A191CC}.Debug|Any CPU.Build.0 = Debug|Any CPU
		{74671CCC-6C0C-4AA2-88BF-57F7D8A191CC}.Release|Any CPU.ActiveCfg = Release|Any CPU
		{74671CCC-6C0C-4AA2-88BF-57F7D8A191CC}.Release|Any CPU.Build.0 = Release|Any CPU
		{E4734370-8819-42AF-B7FC-30252ABC94D6}.Debug|Any CPU.ActiveCfg = Debug|Any CPU
		{E4734370-8819-42AF-B7FC-30252ABC94D6}.Debug|Any CPU.Build.0 = Debug|Any CPU
		{E4734370-8819-42AF-B7FC-30252ABC94D6}.Release|Any CPU.ActiveCfg = Release|Any CPU
		{E4734370-8819-42AF-B7FC-30252ABC94D6}.Release|Any CPU.Build.0 = Release|Any CPU
		{AD5725E3-5C9A-4F9F-BE46-DE47A198DCCA}.Debug|Any CPU.ActiveCfg = Debug|Any CPU
		{AD5725E3-5C9A-4F9F-BE46-DE47A198DCCA}.Debug|Any CPU.Build.0 = Debug|Any CPU
		{AD5725E3-5C9A-4F9F-BE46-DE47A198DCCA}.Release|Any CPU.ActiveCfg = Release|Any CPU
		{AD5725E3-5C9A-4F9F-BE46-DE47A198DCCA}.Release|Any CPU.Build.0 = Release|Any CPU
		{B8E5067D-7779-4977-8CC2-23A20E4EEB71}.Debug|Any CPU.ActiveCfg = Debug|Any CPU
		{B8E5067D-7779-4977-8CC2-23A20E4EEB71}.Debug|Any CPU.Build.0 = Debug|Any CPU
		{B8E5067D-7779-4977-8CC2-23A20E4EEB71}.Release|Any CPU.ActiveCfg = Release|Any CPU
		{B8E5067D-7779-4977-8CC2-23A20E4EEB71}.Release|Any CPU.Build.0 = Release|Any CPU
		{AC907FFE-674B-43AC-B376-B0EF0131AD72}.Debug|Any CPU.ActiveCfg = Debug|Any CPU
		{AC907FFE-674B-43AC-B376-B0EF0131AD72}.Debug|Any CPU.Build.0 = Debug|Any CPU
		{AC907FFE-674B-43AC-B376-B0EF0131AD72}.Release|Any CPU.ActiveCfg = Release|Any CPU
		{AC907FFE-674B-43AC-B376-B0EF0131AD72}.Release|Any CPU.Build.0 = Release|Any CPU
		{9EB027BD-BB7E-4008-8C87-AD4AC9E90D5E}.Debug|Any CPU.ActiveCfg = Debug|Any CPU
		{9EB027BD-BB7E-4008-8C87-AD4AC9E90D5E}.Debug|Any CPU.Build.0 = Debug|Any CPU
		{9EB027BD-BB7E-4008-8C87-AD4AC9E90D5E}.Release|Any CPU.ActiveCfg = Release|Any CPU
		{9EB027BD-BB7E-4008-8C87-AD4AC9E90D5E}.Release|Any CPU.Build.0 = Release|Any CPU
		{698C7247-0C84-4D19-8180-9C40C06354C2}.Debug|Any CPU.ActiveCfg = Debug|Any CPU
		{698C7247-0C84-4D19-8180-9C40C06354C2}.Debug|Any CPU.Build.0 = Debug|Any CPU
		{698C7247-0C84-4D19-8180-9C40C06354C2}.Release|Any CPU.ActiveCfg = Release|Any CPU
		{698C7247-0C84-4D19-8180-9C40C06354C2}.Release|Any CPU.Build.0 = Release|Any CPU
		{C3182D34-D4D9-4AA4-A300-C38CB03F038D}.Debug|Any CPU.ActiveCfg = Debug|Any CPU
		{C3182D34-D4D9-4AA4-A300-C38CB03F038D}.Debug|Any CPU.Build.0 = Debug|Any CPU
		{C3182D34-D4D9-4AA4-A300-C38CB03F038D}.Release|Any CPU.ActiveCfg = Release|Any CPU
		{C3182D34-D4D9-4AA4-A300-C38CB03F038D}.Release|Any CPU.Build.0 = Release|Any CPU
		{4A4529A9-C3DC-4B2B-98AB-E7B05A250B7E}.Debug|Any CPU.ActiveCfg = Debug|Any CPU
		{4A4529A9-C3DC-4B2B-98AB-E7B05A250B7E}.Debug|Any CPU.Build.0 = Debug|Any CPU
		{4A4529A9-C3DC-4B2B-98AB-E7B05A250B7E}.Release|Any CPU.ActiveCfg = Release|Any CPU
		{4A4529A9-C3DC-4B2B-98AB-E7B05A250B7E}.Release|Any CPU.Build.0 = Release|Any CPU
		{A21B27AB-FB43-472F-8684-C6DB9532D548}.Debug|Any CPU.ActiveCfg = Debug|Any CPU
		{A21B27AB-FB43-472F-8684-C6DB9532D548}.Debug|Any CPU.Build.0 = Debug|Any CPU
		{A21B27AB-FB43-472F-8684-C6DB9532D548}.Release|Any CPU.ActiveCfg = Release|Any CPU
		{A21B27AB-FB43-472F-8684-C6DB9532D548}.Release|Any CPU.Build.0 = Release|Any CPU
		{0992801A-DD34-4C60-B505-A400880607BD}.Debug|Any CPU.ActiveCfg = Debug|Any CPU
		{0992801A-DD34-4C60-B505-A400880607BD}.Debug|Any CPU.Build.0 = Debug|Any CPU
		{0992801A-DD34-4C60-B505-A400880607BD}.Release|Any CPU.ActiveCfg = Release|Any CPU
		{0992801A-DD34-4C60-B505-A400880607BD}.Release|Any CPU.Build.0 = Release|Any CPU
		{7BD23287-1E86-4CD1-A257-DCF88511F47F}.Debug|Any CPU.ActiveCfg = Debug|Any CPU
		{7BD23287-1E86-4CD1-A257-DCF88511F47F}.Debug|Any CPU.Build.0 = Debug|Any CPU
		{7BD23287-1E86-4CD1-A257-DCF88511F47F}.Release|Any CPU.ActiveCfg = Release|Any CPU
		{7BD23287-1E86-4CD1-A257-DCF88511F47F}.Release|Any CPU.Build.0 = Release|Any CPU
		{AE394863-CA02-4DCF-B33C-84F96552D401}.Debug|Any CPU.ActiveCfg = Debug|Any CPU
		{AE394863-CA02-4DCF-B33C-84F96552D401}.Debug|Any CPU.Build.0 = Debug|Any CPU
		{AE394863-CA02-4DCF-B33C-84F96552D401}.Release|Any CPU.ActiveCfg = Release|Any CPU
		{AE394863-CA02-4DCF-B33C-84F96552D401}.Release|Any CPU.Build.0 = Release|Any CPU
		{1FF79854-15FF-4DE2-BD44-CF0EFCED2871}.Debug|Any CPU.ActiveCfg = Debug|Any CPU
		{1FF79854-15FF-4DE2-BD44-CF0EFCED2871}.Debug|Any CPU.Build.0 = Debug|Any CPU
		{1FF79854-15FF-4DE2-BD44-CF0EFCED2871}.Release|Any CPU.ActiveCfg = Release|Any CPU
		{1FF79854-15FF-4DE2-BD44-CF0EFCED2871}.Release|Any CPU.Build.0 = Release|Any CPU
		{44675277-BDB7-48D4-A2BB-D8868D863119}.Debug|Any CPU.ActiveCfg = Debug|Any CPU
		{44675277-BDB7-48D4-A2BB-D8868D863119}.Debug|Any CPU.Build.0 = Debug|Any CPU
		{44675277-BDB7-48D4-A2BB-D8868D863119}.Release|Any CPU.ActiveCfg = Release|Any CPU
		{44675277-BDB7-48D4-A2BB-D8868D863119}.Release|Any CPU.Build.0 = Release|Any CPU
		{F207D1F1-8DB6-4F11-BB7F-9D068D2D2261}.Debug|Any CPU.ActiveCfg = Debug|Any CPU
		{F207D1F1-8DB6-4F11-BB7F-9D068D2D2261}.Debug|Any CPU.Build.0 = Debug|Any CPU
		{F207D1F1-8DB6-4F11-BB7F-9D068D2D2261}.Release|Any CPU.ActiveCfg = Release|Any CPU
		{F207D1F1-8DB6-4F11-BB7F-9D068D2D2261}.Release|Any CPU.Build.0 = Release|Any CPU
		{F3198E3C-75E6-41E4-8122-010740A63124}.Debug|Any CPU.ActiveCfg = Debug|Any CPU
		{F3198E3C-75E6-41E4-8122-010740A63124}.Debug|Any CPU.Build.0 = Debug|Any CPU
		{F3198E3C-75E6-41E4-8122-010740A63124}.Release|Any CPU.ActiveCfg = Release|Any CPU
		{F3198E3C-75E6-41E4-8122-010740A63124}.Release|Any CPU.Build.0 = Release|Any CPU
		{1D3954DA-2A24-4A6E-8DC9-066A18CE8B9D}.Debug|Any CPU.ActiveCfg = Debug|Any CPU
		{1D3954DA-2A24-4A6E-8DC9-066A18CE8B9D}.Debug|Any CPU.Build.0 = Debug|Any CPU
		{1D3954DA-2A24-4A6E-8DC9-066A18CE8B9D}.Release|Any CPU.ActiveCfg = Release|Any CPU
		{1D3954DA-2A24-4A6E-8DC9-066A18CE8B9D}.Release|Any CPU.Build.0 = Release|Any CPU
		{578093D3-BF5E-4C5B-B969-1D0C8F882DD3}.Debug|Any CPU.ActiveCfg = Debug|Any CPU
		{578093D3-BF5E-4C5B-B969-1D0C8F882DD3}.Debug|Any CPU.Build.0 = Debug|Any CPU
		{578093D3-BF5E-4C5B-B969-1D0C8F882DD3}.Release|Any CPU.ActiveCfg = Release|Any CPU
		{578093D3-BF5E-4C5B-B969-1D0C8F882DD3}.Release|Any CPU.Build.0 = Release|Any CPU
		{81E526D7-DA4C-4E38-B56B-A089FC4D1BBB}.Debug|Any CPU.ActiveCfg = Debug|Any CPU
		{81E526D7-DA4C-4E38-B56B-A089FC4D1BBB}.Debug|Any CPU.Build.0 = Debug|Any CPU
		{81E526D7-DA4C-4E38-B56B-A089FC4D1BBB}.Release|Any CPU.ActiveCfg = Release|Any CPU
		{81E526D7-DA4C-4E38-B56B-A089FC4D1BBB}.Release|Any CPU.Build.0 = Release|Any CPU
		{B8D80038-CD53-44AE-9047-263FD4DA0901}.Debug|Any CPU.ActiveCfg = Debug|Any CPU
		{B8D80038-CD53-44AE-9047-263FD4DA0901}.Debug|Any CPU.Build.0 = Debug|Any CPU
		{B8D80038-CD53-44AE-9047-263FD4DA0901}.Release|Any CPU.ActiveCfg = Release|Any CPU
		{B8D80038-CD53-44AE-9047-263FD4DA0901}.Release|Any CPU.Build.0 = Release|Any CPU
		{CE397968-D5C1-4942-BFE7-BEE80C04B03C}.Debug|Any CPU.ActiveCfg = Debug|Any CPU
		{CE397968-D5C1-4942-BFE7-BEE80C04B03C}.Debug|Any CPU.Build.0 = Debug|Any CPU
		{CE397968-D5C1-4942-BFE7-BEE80C04B03C}.Release|Any CPU.ActiveCfg = Release|Any CPU
		{CE397968-D5C1-4942-BFE7-BEE80C04B03C}.Release|Any CPU.Build.0 = Release|Any CPU
		{06348F89-7A08-4FAF-BF7D-935CF14563A5}.Debug|Any CPU.ActiveCfg = Debug|Any CPU
		{06348F89-7A08-4FAF-BF7D-935CF14563A5}.Debug|Any CPU.Build.0 = Debug|Any CPU
		{06348F89-7A08-4FAF-BF7D-935CF14563A5}.Release|Any CPU.ActiveCfg = Release|Any CPU
		{06348F89-7A08-4FAF-BF7D-935CF14563A5}.Release|Any CPU.Build.0 = Release|Any CPU
		{3846D0C9-86B3-43B9-BB5B-838F727101CD}.Debug|Any CPU.ActiveCfg = Debug|Any CPU
		{3846D0C9-86B3-43B9-BB5B-838F727101CD}.Debug|Any CPU.Build.0 = Debug|Any CPU
		{3846D0C9-86B3-43B9-BB5B-838F727101CD}.Release|Any CPU.ActiveCfg = Release|Any CPU
		{3846D0C9-86B3-43B9-BB5B-838F727101CD}.Release|Any CPU.Build.0 = Release|Any CPU
		{DFD8AD70-4633-4889-9AFB-A3AA3275B4B0}.Debug|Any CPU.ActiveCfg = Debug|Any CPU
		{DFD8AD70-4633-4889-9AFB-A3AA3275B4B0}.Debug|Any CPU.Build.0 = Debug|Any CPU
		{DFD8AD70-4633-4889-9AFB-A3AA3275B4B0}.Release|Any CPU.ActiveCfg = Release|Any CPU
		{DFD8AD70-4633-4889-9AFB-A3AA3275B4B0}.Release|Any CPU.Build.0 = Release|Any CPU
		{F5EA8500-5E07-4896-B6E7-16B82A41C0C1}.Debug|Any CPU.ActiveCfg = Debug|Any CPU
		{F5EA8500-5E07-4896-B6E7-16B82A41C0C1}.Debug|Any CPU.Build.0 = Debug|Any CPU
		{F5EA8500-5E07-4896-B6E7-16B82A41C0C1}.Release|Any CPU.ActiveCfg = Release|Any CPU
		{F5EA8500-5E07-4896-B6E7-16B82A41C0C1}.Release|Any CPU.Build.0 = Release|Any CPU
		{1D901854-9F03-40BF-9700-129C6B10C60B}.Debug|Any CPU.ActiveCfg = Debug|Any CPU
		{1D901854-9F03-40BF-9700-129C6B10C60B}.Debug|Any CPU.Build.0 = Debug|Any CPU
		{1D901854-9F03-40BF-9700-129C6B10C60B}.Release|Any CPU.ActiveCfg = Release|Any CPU
		{1D901854-9F03-40BF-9700-129C6B10C60B}.Release|Any CPU.Build.0 = Release|Any CPU
		{172F9687-0CA6-4CFA-B339-BE850E96B5B8}.Debug|Any CPU.ActiveCfg = Debug|Any CPU
		{172F9687-0CA6-4CFA-B339-BE850E96B5B8}.Debug|Any CPU.Build.0 = Debug|Any CPU
		{172F9687-0CA6-4CFA-B339-BE850E96B5B8}.Release|Any CPU.ActiveCfg = Release|Any CPU
		{172F9687-0CA6-4CFA-B339-BE850E96B5B8}.Release|Any CPU.Build.0 = Release|Any CPU
		{016E8F09-969A-4CDA-917D-3791985400C2}.Debug|Any CPU.ActiveCfg = Debug|Any CPU
		{016E8F09-969A-4CDA-917D-3791985400C2}.Debug|Any CPU.Build.0 = Debug|Any CPU
		{016E8F09-969A-4CDA-917D-3791985400C2}.Release|Any CPU.ActiveCfg = Release|Any CPU
		{016E8F09-969A-4CDA-917D-3791985400C2}.Release|Any CPU.Build.0 = Release|Any CPU
		{19D6887A-F7E2-4DD6-829F-0879A0731732}.Debug|Any CPU.ActiveCfg = Debug|Any CPU
		{19D6887A-F7E2-4DD6-829F-0879A0731732}.Debug|Any CPU.Build.0 = Debug|Any CPU
		{19D6887A-F7E2-4DD6-829F-0879A0731732}.Release|Any CPU.ActiveCfg = Release|Any CPU
		{19D6887A-F7E2-4DD6-829F-0879A0731732}.Release|Any CPU.Build.0 = Release|Any CPU
		{333A8639-C9E2-4552-9ACD-D4B88DCCD716}.Debug|Any CPU.ActiveCfg = Debug|Any CPU
		{333A8639-C9E2-4552-9ACD-D4B88DCCD716}.Debug|Any CPU.Build.0 = Debug|Any CPU
		{333A8639-C9E2-4552-9ACD-D4B88DCCD716}.Release|Any CPU.ActiveCfg = Release|Any CPU
		{333A8639-C9E2-4552-9ACD-D4B88DCCD716}.Release|Any CPU.Build.0 = Release|Any CPU
		{C95FC016-DC92-45B3-A851-9E80EE15F809}.Debug|Any CPU.ActiveCfg = Debug|Any CPU
		{C95FC016-DC92-45B3-A851-9E80EE15F809}.Debug|Any CPU.Build.0 = Debug|Any CPU
		{C95FC016-DC92-45B3-A851-9E80EE15F809}.Release|Any CPU.ActiveCfg = Release|Any CPU
		{C95FC016-DC92-45B3-A851-9E80EE15F809}.Release|Any CPU.Build.0 = Release|Any CPU
		{395DED48-4732-46B1-B5D0-AD4B116BEEB6}.Debug|Any CPU.ActiveCfg = Debug|Any CPU
		{395DED48-4732-46B1-B5D0-AD4B116BEEB6}.Debug|Any CPU.Build.0 = Debug|Any CPU
		{395DED48-4732-46B1-B5D0-AD4B116BEEB6}.Release|Any CPU.ActiveCfg = Release|Any CPU
		{395DED48-4732-46B1-B5D0-AD4B116BEEB6}.Release|Any CPU.Build.0 = Release|Any CPU
		{520B47D4-313E-440C-B650-C2624C6B95B7}.Debug|Any CPU.ActiveCfg = Debug|Any CPU
		{520B47D4-313E-440C-B650-C2624C6B95B7}.Debug|Any CPU.Build.0 = Debug|Any CPU
		{520B47D4-313E-440C-B650-C2624C6B95B7}.Release|Any CPU.ActiveCfg = Release|Any CPU
		{520B47D4-313E-440C-B650-C2624C6B95B7}.Release|Any CPU.Build.0 = Release|Any CPU
		{1A276CCD-5019-43BA-926E-BCE6212D3F0D}.Debug|Any CPU.ActiveCfg = Debug|Any CPU
		{1A276CCD-5019-43BA-926E-BCE6212D3F0D}.Debug|Any CPU.Build.0 = Debug|Any CPU
		{1A276CCD-5019-43BA-926E-BCE6212D3F0D}.Release|Any CPU.ActiveCfg = Release|Any CPU
		{1A276CCD-5019-43BA-926E-BCE6212D3F0D}.Release|Any CPU.Build.0 = Release|Any CPU
		{30F2EEBC-BA30-4883-91CB-4AA5267F597C}.Debug|Any CPU.ActiveCfg = Debug|Any CPU
		{30F2EEBC-BA30-4883-91CB-4AA5267F597C}.Debug|Any CPU.Build.0 = Debug|Any CPU
		{30F2EEBC-BA30-4883-91CB-4AA5267F597C}.Release|Any CPU.ActiveCfg = Release|Any CPU
		{30F2EEBC-BA30-4883-91CB-4AA5267F597C}.Release|Any CPU.Build.0 = Release|Any CPU
		{079541B8-DE2A-435B-9551-BAB54B08CDE7}.Debug|Any CPU.ActiveCfg = Debug|Any CPU
		{079541B8-DE2A-435B-9551-BAB54B08CDE7}.Debug|Any CPU.Build.0 = Debug|Any CPU
		{079541B8-DE2A-435B-9551-BAB54B08CDE7}.Release|Any CPU.ActiveCfg = Release|Any CPU
		{079541B8-DE2A-435B-9551-BAB54B08CDE7}.Release|Any CPU.Build.0 = Release|Any CPU
		{D17984DA-2F8B-45EB-8B3B-A51E9BCDEB7B}.Debug|Any CPU.ActiveCfg = Debug|Any CPU
		{D17984DA-2F8B-45EB-8B3B-A51E9BCDEB7B}.Debug|Any CPU.Build.0 = Debug|Any CPU
		{D17984DA-2F8B-45EB-8B3B-A51E9BCDEB7B}.Release|Any CPU.ActiveCfg = Release|Any CPU
		{D17984DA-2F8B-45EB-8B3B-A51E9BCDEB7B}.Release|Any CPU.Build.0 = Release|Any CPU
		{80564EF5-E1B2-46ED-8618-C47EFAD42F69}.Debug|Any CPU.ActiveCfg = Debug|Any CPU
		{80564EF5-E1B2-46ED-8618-C47EFAD42F69}.Debug|Any CPU.Build.0 = Debug|Any CPU
		{80564EF5-E1B2-46ED-8618-C47EFAD42F69}.Release|Any CPU.ActiveCfg = Release|Any CPU
		{80564EF5-E1B2-46ED-8618-C47EFAD42F69}.Release|Any CPU.Build.0 = Release|Any CPU
		{BC42CD2E-DCF9-48BC-844A-83C7E2AA5E15}.Debug|Any CPU.ActiveCfg = Debug|Any CPU
		{BC42CD2E-DCF9-48BC-844A-83C7E2AA5E15}.Debug|Any CPU.Build.0 = Debug|Any CPU
		{BC42CD2E-DCF9-48BC-844A-83C7E2AA5E15}.Release|Any CPU.ActiveCfg = Release|Any CPU
		{BC42CD2E-DCF9-48BC-844A-83C7E2AA5E15}.Release|Any CPU.Build.0 = Release|Any CPU
		{4B256A6D-6F54-4A4F-8FBC-C09920586D74}.Debug|Any CPU.ActiveCfg = Debug|Any CPU
		{4B256A6D-6F54-4A4F-8FBC-C09920586D74}.Debug|Any CPU.Build.0 = Debug|Any CPU
		{4B256A6D-6F54-4A4F-8FBC-C09920586D74}.Release|Any CPU.ActiveCfg = Release|Any CPU
		{4B256A6D-6F54-4A4F-8FBC-C09920586D74}.Release|Any CPU.Build.0 = Release|Any CPU
		{42B32B15-E118-4394-A5F8-D36098CDA338}.Debug|Any CPU.ActiveCfg = Debug|Any CPU
		{42B32B15-E118-4394-A5F8-D36098CDA338}.Debug|Any CPU.Build.0 = Debug|Any CPU
		{42B32B15-E118-4394-A5F8-D36098CDA338}.Release|Any CPU.ActiveCfg = Release|Any CPU
		{42B32B15-E118-4394-A5F8-D36098CDA338}.Release|Any CPU.Build.0 = Release|Any CPU
		{8317F5AA-8A20-446E-B025-578D392D7032}.Debug|Any CPU.ActiveCfg = Debug|Any CPU
		{8317F5AA-8A20-446E-B025-578D392D7032}.Debug|Any CPU.Build.0 = Debug|Any CPU
		{8317F5AA-8A20-446E-B025-578D392D7032}.Release|Any CPU.ActiveCfg = Release|Any CPU
		{8317F5AA-8A20-446E-B025-578D392D7032}.Release|Any CPU.Build.0 = Release|Any CPU
		{5A901063-0E10-4B9A-8375-DF8A4325AECE}.Debug|Any CPU.ActiveCfg = Debug|Any CPU
		{5A901063-0E10-4B9A-8375-DF8A4325AECE}.Debug|Any CPU.Build.0 = Debug|Any CPU
		{5A901063-0E10-4B9A-8375-DF8A4325AECE}.Release|Any CPU.ActiveCfg = Release|Any CPU
		{5A901063-0E10-4B9A-8375-DF8A4325AECE}.Release|Any CPU.Build.0 = Release|Any CPU
		{4D9F3F9D-71EB-4C94-BDB2-112C78FB7278}.Debug|Any CPU.ActiveCfg = Debug|Any CPU
		{4D9F3F9D-71EB-4C94-BDB2-112C78FB7278}.Debug|Any CPU.Build.0 = Debug|Any CPU
		{4D9F3F9D-71EB-4C94-BDB2-112C78FB7278}.Release|Any CPU.ActiveCfg = Release|Any CPU
		{4D9F3F9D-71EB-4C94-BDB2-112C78FB7278}.Release|Any CPU.Build.0 = Release|Any CPU
		{A0B88133-B87E-45B2-BE99-66BDDDED58AF}.Debug|Any CPU.ActiveCfg = Debug|Any CPU
		{A0B88133-B87E-45B2-BE99-66BDDDED58AF}.Debug|Any CPU.Build.0 = Debug|Any CPU
		{A0B88133-B87E-45B2-BE99-66BDDDED58AF}.Release|Any CPU.ActiveCfg = Release|Any CPU
		{A0B88133-B87E-45B2-BE99-66BDDDED58AF}.Release|Any CPU.Build.0 = Release|Any CPU
		{C8E2176B-F8D6-4E56-BA99-01DD8ED3897F}.Debug|Any CPU.ActiveCfg = Debug|Any CPU
		{C8E2176B-F8D6-4E56-BA99-01DD8ED3897F}.Debug|Any CPU.Build.0 = Debug|Any CPU
		{C8E2176B-F8D6-4E56-BA99-01DD8ED3897F}.Release|Any CPU.ActiveCfg = Release|Any CPU
		{C8E2176B-F8D6-4E56-BA99-01DD8ED3897F}.Release|Any CPU.Build.0 = Release|Any CPU
		{501D8AB2-FBA3-484C-B838-DA8E88BBDBBF}.Debug|Any CPU.ActiveCfg = Debug|Any CPU
		{501D8AB2-FBA3-484C-B838-DA8E88BBDBBF}.Debug|Any CPU.Build.0 = Debug|Any CPU
		{501D8AB2-FBA3-484C-B838-DA8E88BBDBBF}.Release|Any CPU.ActiveCfg = Release|Any CPU
		{501D8AB2-FBA3-484C-B838-DA8E88BBDBBF}.Release|Any CPU.Build.0 = Release|Any CPU
		{40E23C1C-6507-4A62-A67A-6D08F5D60337}.Debug|Any CPU.ActiveCfg = Debug|Any CPU
		{40E23C1C-6507-4A62-A67A-6D08F5D60337}.Debug|Any CPU.Build.0 = Debug|Any CPU
		{40E23C1C-6507-4A62-A67A-6D08F5D60337}.Release|Any CPU.ActiveCfg = Release|Any CPU
		{40E23C1C-6507-4A62-A67A-6D08F5D60337}.Release|Any CPU.Build.0 = Release|Any CPU
		{F6266DF0-4F2E-49A5-BF89-6C80C37BBB6C}.Debug|Any CPU.ActiveCfg = Debug|Any CPU
		{F6266DF0-4F2E-49A5-BF89-6C80C37BBB6C}.Debug|Any CPU.Build.0 = Debug|Any CPU
		{F6266DF0-4F2E-49A5-BF89-6C80C37BBB6C}.Release|Any CPU.ActiveCfg = Release|Any CPU
		{F6266DF0-4F2E-49A5-BF89-6C80C37BBB6C}.Release|Any CPU.Build.0 = Release|Any CPU
		{700211B1-49E6-4B7A-9356-E5CB7C39CE66}.Debug|Any CPU.ActiveCfg = Debug|Any CPU
		{700211B1-49E6-4B7A-9356-E5CB7C39CE66}.Debug|Any CPU.Build.0 = Debug|Any CPU
		{700211B1-49E6-4B7A-9356-E5CB7C39CE66}.Release|Any CPU.ActiveCfg = Release|Any CPU
		{700211B1-49E6-4B7A-9356-E5CB7C39CE66}.Release|Any CPU.Build.0 = Release|Any CPU
		{B99D0922-6F2D-4B77-A6A6-EDDF7AD1C703}.Debug|Any CPU.ActiveCfg = Debug|Any CPU
		{B99D0922-6F2D-4B77-A6A6-EDDF7AD1C703}.Debug|Any CPU.Build.0 = Debug|Any CPU
		{B99D0922-6F2D-4B77-A6A6-EDDF7AD1C703}.Release|Any CPU.ActiveCfg = Release|Any CPU
		{B99D0922-6F2D-4B77-A6A6-EDDF7AD1C703}.Release|Any CPU.Build.0 = Release|Any CPU
		{4F104CBE-103A-4ABE-BF9B-2BCDCDBB38E1}.Debug|Any CPU.ActiveCfg = Debug|Any CPU
		{4F104CBE-103A-4ABE-BF9B-2BCDCDBB38E1}.Debug|Any CPU.Build.0 = Debug|Any CPU
		{4F104CBE-103A-4ABE-BF9B-2BCDCDBB38E1}.Release|Any CPU.ActiveCfg = Release|Any CPU
		{4F104CBE-103A-4ABE-BF9B-2BCDCDBB38E1}.Release|Any CPU.Build.0 = Release|Any CPU
		{7B6ADE8C-D292-45A1-BB47-E0751DD479F9}.Debug|Any CPU.ActiveCfg = Debug|Any CPU
		{7B6ADE8C-D292-45A1-BB47-E0751DD479F9}.Debug|Any CPU.Build.0 = Debug|Any CPU
		{7B6ADE8C-D292-45A1-BB47-E0751DD479F9}.Release|Any CPU.ActiveCfg = Release|Any CPU
		{7B6ADE8C-D292-45A1-BB47-E0751DD479F9}.Release|Any CPU.Build.0 = Release|Any CPU
		{5C4D5D07-4DC7-4884-9CC8-BA2AD4F0687A}.Debug|Any CPU.ActiveCfg = Debug|Any CPU
		{5C4D5D07-4DC7-4884-9CC8-BA2AD4F0687A}.Debug|Any CPU.Build.0 = Debug|Any CPU
		{5C4D5D07-4DC7-4884-9CC8-BA2AD4F0687A}.Release|Any CPU.ActiveCfg = Release|Any CPU
		{5C4D5D07-4DC7-4884-9CC8-BA2AD4F0687A}.Release|Any CPU.Build.0 = Release|Any CPU
		{18FA0512-7A7E-49E0-A549-9ADD40F94657}.Debug|Any CPU.ActiveCfg = Debug|Any CPU
		{18FA0512-7A7E-49E0-A549-9ADD40F94657}.Debug|Any CPU.Build.0 = Debug|Any CPU
		{18FA0512-7A7E-49E0-A549-9ADD40F94657}.Release|Any CPU.ActiveCfg = Release|Any CPU
		{18FA0512-7A7E-49E0-A549-9ADD40F94657}.Release|Any CPU.Build.0 = Release|Any CPU
	EndGlobalSection
	GlobalSection(SolutionProperties) = preSolution
		HideSolutionNode = FALSE
	EndGlobalSection
	GlobalSection(NestedProjects) = preSolution
		{76F6C7FD-C7E9-48A3-81CE-B23A1E0F2057} = {8E8B45A5-D559-480F-B27D-0308B6D61E06}
		{5E29964D-0E2A-4904-AF50-07805AA5480B} = {8E8B45A5-D559-480F-B27D-0308B6D61E06}
		{F6BCA478-3686-419E-96D1-BD66156FAB15} = {8E8B45A5-D559-480F-B27D-0308B6D61E06}
		{9AEC42BD-A78F-4ED5-B474-971289C0BD3F} = {8E8B45A5-D559-480F-B27D-0308B6D61E06}
		{D3568D56-BE19-4626-B744-C7A7A80EA0DF} = {8E8B45A5-D559-480F-B27D-0308B6D61E06}
		{C0F1F18C-D660-47D6-BD07-C52E212FB00D} = {8E8B45A5-D559-480F-B27D-0308B6D61E06}
		{0DFEF0D0-F7C1-4ABA-B8B8-34E693B798BC} = {120AF1A4-6E89-46FA-BE50-0EE38F46C02A}
		{F4A889F6-3F59-4049-8BB5-C3B17939DD68} = {120AF1A4-6E89-46FA-BE50-0EE38F46C02A}
		{74671CCC-6C0C-4AA2-88BF-57F7D8A191CC} = {120AF1A4-6E89-46FA-BE50-0EE38F46C02A}
		{E4734370-8819-42AF-B7FC-30252ABC94D6} = {120AF1A4-6E89-46FA-BE50-0EE38F46C02A}
		{AD5725E3-5C9A-4F9F-BE46-DE47A198DCCA} = {120AF1A4-6E89-46FA-BE50-0EE38F46C02A}
		{B8E5067D-7779-4977-8CC2-23A20E4EEB71} = {44F4C987-F653-42AA-A239-C0BC411F56A9}
		{AC907FFE-674B-43AC-B376-B0EF0131AD72} = {44F4C987-F653-42AA-A239-C0BC411F56A9}
		{9EB027BD-BB7E-4008-8C87-AD4AC9E90D5E} = {44F4C987-F653-42AA-A239-C0BC411F56A9}
		{698C7247-0C84-4D19-8180-9C40C06354C2} = {630114C3-1AE7-468E-8ADD-1CDE3E9EEF26}
		{C3182D34-D4D9-4AA4-A300-C38CB03F038D} = {630114C3-1AE7-468E-8ADD-1CDE3E9EEF26}
		{803D011F-EC6A-43AF-8FEE-D0A98E62A72C} = {630114C3-1AE7-468E-8ADD-1CDE3E9EEF26}
		{4A4529A9-C3DC-4B2B-98AB-E7B05A250B7E} = {803D011F-EC6A-43AF-8FEE-D0A98E62A72C}
		{A21B27AB-FB43-472F-8684-C6DB9532D548} = {803D011F-EC6A-43AF-8FEE-D0A98E62A72C}
		{0992801A-DD34-4C60-B505-A400880607BD} = {803D011F-EC6A-43AF-8FEE-D0A98E62A72C}
		{7BD23287-1E86-4CD1-A257-DCF88511F47F} = {803D011F-EC6A-43AF-8FEE-D0A98E62A72C}
		{AE394863-CA02-4DCF-B33C-84F96552D401} = {803D011F-EC6A-43AF-8FEE-D0A98E62A72C}
		{1FF79854-15FF-4DE2-BD44-CF0EFCED2871} = {630114C3-1AE7-468E-8ADD-1CDE3E9EEF26}
		{44675277-BDB7-48D4-A2BB-D8868D863119} = {44F4C987-F653-42AA-A239-C0BC411F56A9}
		{F207D1F1-8DB6-4F11-BB7F-9D068D2D2261} = {0A7655FA-A22D-4B68-AC27-EC6BD24C4209}
		{0A7655FA-A22D-4B68-AC27-EC6BD24C4209} = {630114C3-1AE7-468E-8ADD-1CDE3E9EEF26}
		{F3198E3C-75E6-41E4-8122-010740A63124} = {44F4C987-F653-42AA-A239-C0BC411F56A9}
		{1D3954DA-2A24-4A6E-8DC9-066A18CE8B9D} = {0A7655FA-A22D-4B68-AC27-EC6BD24C4209}
		{578093D3-BF5E-4C5B-B969-1D0C8F882DD3} = {803D011F-EC6A-43AF-8FEE-D0A98E62A72C}
		{81E526D7-DA4C-4E38-B56B-A089FC4D1BBB} = {719AF6DF-48D1-4C7B-A8E9-493482D109DE}
		{B8D80038-CD53-44AE-9047-263FD4DA0901} = {719AF6DF-48D1-4C7B-A8E9-493482D109DE}
		{CE397968-D5C1-4942-BFE7-BEE80C04B03C} = {719AF6DF-48D1-4C7B-A8E9-493482D109DE}
		{06348F89-7A08-4FAF-BF7D-935CF14563A5} = {719AF6DF-48D1-4C7B-A8E9-493482D109DE}
		{3846D0C9-86B3-43B9-BB5B-838F727101CD} = {719AF6DF-48D1-4C7B-A8E9-493482D109DE}
		{DFD8AD70-4633-4889-9AFB-A3AA3275B4B0} = {719AF6DF-48D1-4C7B-A8E9-493482D109DE}
		{F5EA8500-5E07-4896-B6E7-16B82A41C0C1} = {630114C3-1AE7-468E-8ADD-1CDE3E9EEF26}
		{91E7DD22-5728-449C-A541-865C01BF1FAC} = {630114C3-1AE7-468E-8ADD-1CDE3E9EEF26}
		{1D901854-9F03-40BF-9700-129C6B10C60B} = {91E7DD22-5728-449C-A541-865C01BF1FAC}
		{172F9687-0CA6-4CFA-B339-BE850E96B5B8} = {91E7DD22-5728-449C-A541-865C01BF1FAC}
		{016E8F09-969A-4CDA-917D-3791985400C2} = {719AF6DF-48D1-4C7B-A8E9-493482D109DE}
		{19D6887A-F7E2-4DD6-829F-0879A0731732} = {0A7655FA-A22D-4B68-AC27-EC6BD24C4209}
		{333A8639-C9E2-4552-9ACD-D4B88DCCD716} = {91E7DD22-5728-449C-A541-865C01BF1FAC}
		{C95FC016-DC92-45B3-A851-9E80EE15F809} = {719AF6DF-48D1-4C7B-A8E9-493482D109DE}
		{395DED48-4732-46B1-B5D0-AD4B116BEEB6} = {803D011F-EC6A-43AF-8FEE-D0A98E62A72C}
		{520B47D4-313E-440C-B650-C2624C6B95B7} = {630114C3-1AE7-468E-8ADD-1CDE3E9EEF26}
		{1A276CCD-5019-43BA-926E-BCE6212D3F0D} = {630114C3-1AE7-468E-8ADD-1CDE3E9EEF26}
		{30F2EEBC-BA30-4883-91CB-4AA5267F597C} = {630114C3-1AE7-468E-8ADD-1CDE3E9EEF26}
		{990143DA-E69D-4461-A90D-6263EBE26D3C} = {630114C3-1AE7-468E-8ADD-1CDE3E9EEF26}
		{079541B8-DE2A-435B-9551-BAB54B08CDE7} = {990143DA-E69D-4461-A90D-6263EBE26D3C}
		{D17984DA-2F8B-45EB-8B3B-A51E9BCDEB7B} = {990143DA-E69D-4461-A90D-6263EBE26D3C}
		{80564EF5-E1B2-46ED-8618-C47EFAD42F69} = {990143DA-E69D-4461-A90D-6263EBE26D3C}
		{BC42CD2E-DCF9-48BC-844A-83C7E2AA5E15} = {990143DA-E69D-4461-A90D-6263EBE26D3C}
		{4B256A6D-6F54-4A4F-8FBC-C09920586D74} = {990143DA-E69D-4461-A90D-6263EBE26D3C}
		{42B32B15-E118-4394-A5F8-D36098CDA338} = {630114C3-1AE7-468E-8ADD-1CDE3E9EEF26}
		{9D9E0272-A819-4522-82E0-B3F0017E6CED} = {630114C3-1AE7-468E-8ADD-1CDE3E9EEF26}
		{8317F5AA-8A20-446E-B025-578D392D7032} = {9D9E0272-A819-4522-82E0-B3F0017E6CED}
		{5A901063-0E10-4B9A-8375-DF8A4325AECE} = {630114C3-1AE7-468E-8ADD-1CDE3E9EEF26}
		{4D9F3F9D-71EB-4C94-BDB2-112C78FB7278} = {719AF6DF-48D1-4C7B-A8E9-493482D109DE}
		{3D07426B-CBAA-4BB3-99F8-3D2D7544A1CA} = {630114C3-1AE7-468E-8ADD-1CDE3E9EEF26}
		{A0B88133-B87E-45B2-BE99-66BDDDED58AF} = {3D07426B-CBAA-4BB3-99F8-3D2D7544A1CA}
		{C8E2176B-F8D6-4E56-BA99-01DD8ED3897F} = {44F4C987-F653-42AA-A239-C0BC411F56A9}
		{501D8AB2-FBA3-484C-B838-DA8E88BBDBBF} = {0475DDBF-F1B5-4D90-9659-1E805EE974AD}
		{40E23C1C-6507-4A62-A67A-6D08F5D60337} = {0475DDBF-F1B5-4D90-9659-1E805EE974AD}
		{F6266DF0-4F2E-49A5-BF89-6C80C37BBB6C} = {0475DDBF-F1B5-4D90-9659-1E805EE974AD}
		{08BDA0C2-43EE-4A03-8FA9-F92CED0BFC88} = {630114C3-1AE7-468E-8ADD-1CDE3E9EEF26}
		{700211B1-49E6-4B7A-9356-E5CB7C39CE66} = {08BDA0C2-43EE-4A03-8FA9-F92CED0BFC88}
		{B99D0922-6F2D-4B77-A6A6-EDDF7AD1C703} = {08BDA0C2-43EE-4A03-8FA9-F92CED0BFC88}
		{4F104CBE-103A-4ABE-BF9B-2BCDCDBB38E1} = {719AF6DF-48D1-4C7B-A8E9-493482D109DE}
		{7B6ADE8C-D292-45A1-BB47-E0751DD479F9} = {3D07426B-CBAA-4BB3-99F8-3D2D7544A1CA}
		{5C4D5D07-4DC7-4884-9CC8-BA2AD4F0687A} = {719AF6DF-48D1-4C7B-A8E9-493482D109DE}
		{18FA0512-7A7E-49E0-A549-9ADD40F94657} = {719AF6DF-48D1-4C7B-A8E9-493482D109DE}
	EndGlobalSection
	GlobalSection(ExtensibilityGlobals) = postSolution
		SolutionGuid = {CBE0CD6C-2E47-4D9F-B072-C138AA4A6D5A}
	EndGlobalSection
EndGlobal
